
Microsoft Visual Studio Solution File, Format Version 12.00
# Visual Studio Version 17
VisualStudioVersion = 17.2.32616.157
MinimumVisualStudioVersion = 10.0.40219.1
Project("{FAE04EC0-301F-11D3-BF4B-00C04F79EFBC}") = "Step1Sentiment", "Step1Sentiment.csproj", "{A997E08A-F905-42E0-8997-F4426D70217A}"
EndProject
Global
	GlobalSection(SolutionConfigurationPlatforms) = preSolution
		Debug|Any CPU = Debug|Any CPU
		Release|Any CPU = Release|Any CPU
	EndGlobalSection
	GlobalSection(ProjectConfigurationPlatforms) = postSolution
		{A997E08A-F905-42E0-8997-F4426D70217A}.Debug|Any CPU.ActiveCfg = Debug|Any CPU
		{A997E08A-F905-42E0-8997-F4426D70217A}.Debug|Any CPU.Build.0 = Debug|Any CPU
		{A997E08A-F905-42E0-8997-F4426D70217A}.Release|Any CPU.ActiveCfg = Release|Any CPU
		{A997E08A-F905-42E0-8997-F4426D70217A}.Release|Any CPU.Build.0 = Release|Any CPU
	EndGlobalSection
	GlobalSection(SolutionProperties) = preSolution
		HideSolutionNode = FALSE
	EndGlobalSection
	GlobalSection(ExtensibilityGlobals) = postSolution
		SolutionGuid = {3DFD6DF6-BD5A-4F18-8862-47989EA0956F}
	EndGlobalSection
EndGlobal
